// !$*UTF8*$!
{
	archiveVersion = 1;
	classes = {
	};
	objectVersion = 56;
	objects = {

/* Begin PBXBuildFile section */
		8D039E102BF7AD80005C894A /* FeedItem.swift in Sources */ = {isa = PBXBuildFile; fileRef = 8D039E0F2BF7AD80005C894A /* FeedItem.swift */; };
		8D1EE1032BFAAA17003DDC37 /* Parser.swift in Sources */ = {isa = PBXBuildFile; fileRef = 8D1EE1022BFAAA17003DDC37 /* Parser.swift */; };
		8D7B8CFA2BF564AA008F310B /* FeedyApp.swift in Sources */ = {isa = PBXBuildFile; fileRef = 8D7B8CF92BF564AA008F310B /* FeedyApp.swift */; };
		8D7B8CFC2BF564AA008F310B /* FeedsList.swift in Sources */ = {isa = PBXBuildFile; fileRef = 8D7B8CFB2BF564AA008F310B /* FeedsList.swift */; };
		8D7B8D002BF564AE008F310B /* Assets.xcassets in Resources */ = {isa = PBXBuildFile; fileRef = 8D7B8CFF2BF564AE008F310B /* Assets.xcassets */; };
		8D7B8D032BF564AE008F310B /* Preview Assets.xcassets in Resources */ = {isa = PBXBuildFile; fileRef = 8D7B8D022BF564AE008F310B /* Preview Assets.xcassets */; };
		8D7B8D0A2BF5667E008F310B /* Feed.swift in Sources */ = {isa = PBXBuildFile; fileRef = 8D7B8D092BF5667E008F310B /* Feed.swift */; };
		8D7B8D0C2BF56DA2008F310B /* AddFeed.swift in Sources */ = {isa = PBXBuildFile; fileRef = 8D7B8D0B2BF56DA2008F310B /* AddFeed.swift */; };
		8D8F92322BF7766A00880025 /* SVGView in Frameworks */ = {isa = PBXBuildFile; productRef = 8D8F92312BF7766A00880025 /* SVGView */; };
		8D8F92392BF77E9900880025 /* FeedCell.swift in Sources */ = {isa = PBXBuildFile; fileRef = 8D8F92382BF77E9900880025 /* FeedCell.swift */; };
		8D8F923B2BF7846F00880025 /* rss-logo.svg in Resources */ = {isa = PBXBuildFile; fileRef = 8D8F923A2BF7846F00880025 /* rss-logo.svg */; };
		8D8F923E2BF7878B00880025 /* FeedItemsList.swift in Sources */ = {isa = PBXBuildFile; fileRef = 8D8F923D2BF7878B00880025 /* FeedItemsList.swift */; };
		8D92A5962BFA9C530011E819 /* FKFeed.swift in Sources */ = {isa = PBXBuildFile; fileRef = 8D92A5952BFA9C530011E819 /* FKFeed.swift */; };
		8DA1384F2BF5EAB400AD7754 /* DataModel.swift in Sources */ = {isa = PBXBuildFile; fileRef = 8DA1384E2BF5EAB400AD7754 /* DataModel.swift */; };
		8DA138662BF60F0500AD7754 /* RemoteFeedService.swift in Sources */ = {isa = PBXBuildFile; fileRef = 8DA138652BF60F0500AD7754 /* RemoteFeedService.swift */; };
		8DB4508C2BF62FC8001FCC1A /* FeedKit in Frameworks */ = {isa = PBXBuildFile; productRef = 8DB4508B2BF62FC8001FCC1A /* FeedKit */; };
		8DF900AB2BF8EEA800561B31 /* WebView.swift in Sources */ = {isa = PBXBuildFile; fileRef = 8DF900AA2BF8EEA800561B31 /* WebView.swift */; };
		8DF900AD2BF8EEE500561B31 /* FeedItemDetails.swift in Sources */ = {isa = PBXBuildFile; fileRef = 8DF900AC2BF8EEE500561B31 /* FeedItemDetails.swift */; };
		8DF900B32BF901DA00561B31 /* BaseCell.swift in Sources */ = {isa = PBXBuildFile; fileRef = 8DF900B22BF901DA00561B31 /* BaseCell.swift */; };
		8DF900B52BF90B4B00561B31 /* FeedItemCell.swift in Sources */ = {isa = PBXBuildFile; fileRef = 8DF900B42BF90B4B00561B31 /* FeedItemCell.swift */; };
/* End PBXBuildFile section */

/* Begin PBXFileReference section */
		8D039E0F2BF7AD80005C894A /* FeedItem.swift */ = {isa = PBXFileReference; lastKnownFileType = sourcecode.swift; path = FeedItem.swift; sourceTree = "<group>"; };
		8D1EE1022BFAAA17003DDC37 /* Parser.swift */ = {isa = PBXFileReference; lastKnownFileType = sourcecode.swift; path = Parser.swift; sourceTree = "<group>"; };
		8D7B8CF62BF564AA008F310B /* Feedy.app */ = {isa = PBXFileReference; explicitFileType = wrapper.application; includeInIndex = 0; path = Feedy.app; sourceTree = BUILT_PRODUCTS_DIR; };
		8D7B8CF92BF564AA008F310B /* FeedyApp.swift */ = {isa = PBXFileReference; lastKnownFileType = sourcecode.swift; path = FeedyApp.swift; sourceTree = "<group>"; };
		8D7B8CFB2BF564AA008F310B /* FeedsList.swift */ = {isa = PBXFileReference; lastKnownFileType = sourcecode.swift; path = FeedsList.swift; sourceTree = "<group>"; };
		8D7B8CFF2BF564AE008F310B /* Assets.xcassets */ = {isa = PBXFileReference; lastKnownFileType = folder.assetcatalog; path = Assets.xcassets; sourceTree = "<group>"; };
		8D7B8D022BF564AE008F310B /* Preview Assets.xcassets */ = {isa = PBXFileReference; lastKnownFileType = folder.assetcatalog; path = "Preview Assets.xcassets"; sourceTree = "<group>"; };
		8D7B8D092BF5667E008F310B /* Feed.swift */ = {isa = PBXFileReference; lastKnownFileType = sourcecode.swift; path = Feed.swift; sourceTree = "<group>"; };
		8D7B8D0B2BF56DA2008F310B /* AddFeed.swift */ = {isa = PBXFileReference; lastKnownFileType = sourcecode.swift; path = AddFeed.swift; sourceTree = "<group>"; };
		8D8F92382BF77E9900880025 /* FeedCell.swift */ = {isa = PBXFileReference; lastKnownFileType = sourcecode.swift; path = FeedCell.swift; sourceTree = "<group>"; };
		8D8F923A2BF7846F00880025 /* rss-logo.svg */ = {isa = PBXFileReference; fileEncoding = 4; lastKnownFileType = text.xml; path = "rss-logo.svg"; sourceTree = "<group>"; };
		8D8F923D2BF7878B00880025 /* FeedItemsList.swift */ = {isa = PBXFileReference; lastKnownFileType = sourcecode.swift; path = FeedItemsList.swift; sourceTree = "<group>"; };
		8D92A5952BFA9C530011E819 /* FKFeed.swift */ = {isa = PBXFileReference; lastKnownFileType = sourcecode.swift; path = FKFeed.swift; sourceTree = "<group>"; };
		8DA1384E2BF5EAB400AD7754 /* DataModel.swift */ = {isa = PBXFileReference; lastKnownFileType = sourcecode.swift; path = DataModel.swift; sourceTree = "<group>"; };
		8DA138652BF60F0500AD7754 /* RemoteFeedService.swift */ = {isa = PBXFileReference; lastKnownFileType = sourcecode.swift; path = RemoteFeedService.swift; sourceTree = "<group>"; };
		8DF900AA2BF8EEA800561B31 /* WebView.swift */ = {isa = PBXFileReference; lastKnownFileType = sourcecode.swift; path = WebView.swift; sourceTree = "<group>"; };
		8DF900AC2BF8EEE500561B31 /* FeedItemDetails.swift */ = {isa = PBXFileReference; lastKnownFileType = sourcecode.swift; path = FeedItemDetails.swift; sourceTree = "<group>"; };
		8DF900B22BF901DA00561B31 /* BaseCell.swift */ = {isa = PBXFileReference; fileEncoding = 4; lastKnownFileType = sourcecode.swift; name = BaseCell.swift; path = Feedy/View/BaseCell.swift; sourceTree = SOURCE_ROOT; };
		8DF900B42BF90B4B00561B31 /* FeedItemCell.swift */ = {isa = PBXFileReference; lastKnownFileType = sourcecode.swift; path = FeedItemCell.swift; sourceTree = "<group>"; };
/* End PBXFileReference section */

/* Begin PBXFrameworksBuildPhase section */
		8D7B8CF32BF564AA008F310B /* Frameworks */ = {
			isa = PBXFrameworksBuildPhase;
			buildActionMask = 2147483647;
			files = (
				8D8F92322BF7766A00880025 /* SVGView in Frameworks */,
				8DB4508C2BF62FC8001FCC1A /* FeedKit in Frameworks */,
			);
			runOnlyForDeploymentPostprocessing = 0;
		};
/* End PBXFrameworksBuildPhase section */

/* Begin PBXGroup section */
		8D7B8CED2BF564AA008F310B = {
			isa = PBXGroup;
			children = (
				8D7B8CF82BF564AA008F310B /* Feedy */,
				8D7B8CF72BF564AA008F310B /* Products */,
			);
			sourceTree = "<group>";
		};
		8D7B8CF72BF564AA008F310B /* Products */ = {
			isa = PBXGroup;
			children = (
				8D7B8CF62BF564AA008F310B /* Feedy.app */,
			);
			name = Products;
			sourceTree = "<group>";
		};
		8D7B8CF82BF564AA008F310B /* Feedy */ = {
			isa = PBXGroup;
			children = (
				8D8F92332BF7784A00880025 /* Assets */,
				8DA138562BF60A6500AD7754 /* Model */,
				8DA138592BF60A9C00AD7754 /* Service */,
				8D92A5942BFA9C280011E819 /* Utility */,
				8DF900AF2BF900D700561B31 /* View */,
				8D7B8CF92BF564AA008F310B /* FeedyApp.swift */,
				8D7B8CFF2BF564AE008F310B /* Assets.xcassets */,
				8D7B8D012BF564AE008F310B /* Preview Content */,
			);
			path = Feedy;
			sourceTree = "<group>";
		};
		8D7B8D012BF564AE008F310B /* Preview Content */ = {
			isa = PBXGroup;
			children = (
				8D7B8D022BF564AE008F310B /* Preview Assets.xcassets */,
			);
			path = "Preview Content";
			sourceTree = "<group>";
		};
		8D8F92332BF7784A00880025 /* Assets */ = {
			isa = PBXGroup;
			children = (
				8D8F923A2BF7846F00880025 /* rss-logo.svg */,
			);
			path = Assets;
			sourceTree = "<group>";
		};
		8D8F923C2BF7855A00880025 /* Feed Items */ = {
			isa = PBXGroup;
			children = (
				8D8F923D2BF7878B00880025 /* FeedItemsList.swift */,
				8DF900B42BF90B4B00561B31 /* FeedItemCell.swift */,
			);
			path = "Feed Items";
			sourceTree = "<group>";
		};
		8D92A5942BFA9C280011E819 /* Utility */ = {
			isa = PBXGroup;
			children = (
				8D92A5952BFA9C530011E819 /* FKFeed.swift */,
				8D1EE1022BFAAA17003DDC37 /* Parser.swift */,
			);
			path = Utility;
			sourceTree = "<group>";
		};
		8DA138562BF60A6500AD7754 /* Model */ = {
			isa = PBXGroup;
			children = (
				8D7B8D092BF5667E008F310B /* Feed.swift */,
				8D039E0F2BF7AD80005C894A /* FeedItem.swift */,
				8DA1384E2BF5EAB400AD7754 /* DataModel.swift */,
			);
			path = Model;
			sourceTree = "<group>";
		};
		8DA138572BF60A7400AD7754 /* Feeds */ = {
			isa = PBXGroup;
			children = (
				8D7B8CFB2BF564AA008F310B /* FeedsList.swift */,
				8D8F92382BF77E9900880025 /* FeedCell.swift */,
			);
			path = Feeds;
			sourceTree = "<group>";
		};
		8DA138582BF60A8D00AD7754 /* Add Feed */ = {
			isa = PBXGroup;
			children = (
				8D7B8D0B2BF56DA2008F310B /* AddFeed.swift */,
			);
			path = "Add Feed";
			sourceTree = "<group>";
		};
		8DA138592BF60A9C00AD7754 /* Service */ = {
			isa = PBXGroup;
			children = (
				8DA138652BF60F0500AD7754 /* RemoteFeedService.swift */,
			);
			path = Service;
			sourceTree = "<group>";
		};
		8DF900A92BF8EE8A00561B31 /* Feed Item Details */ = {
			isa = PBXGroup;
			children = (
				8DF900AA2BF8EEA800561B31 /* WebView.swift */,
				8DF900AC2BF8EEE500561B31 /* FeedItemDetails.swift */,
			);
			path = "Feed Item Details";
			sourceTree = "<group>";
		};
		8DF900AF2BF900D700561B31 /* View */ = {
			isa = PBXGroup;
			children = (
				8DF900B22BF901DA00561B31 /* BaseCell.swift */,
				8DA138572BF60A7400AD7754 /* Feeds */,
				8DA138582BF60A8D00AD7754 /* Add Feed */,
				8D8F923C2BF7855A00880025 /* Feed Items */,
				8DF900A92BF8EE8A00561B31 /* Feed Item Details */,
			);
			path = View;
			sourceTree = "<group>";
		};
/* End PBXGroup section */

/* Begin PBXNativeTarget section */
		8D7B8CF52BF564AA008F310B /* Feedy */ = {
			isa = PBXNativeTarget;
			buildConfigurationList = 8D7B8D062BF564AE008F310B /* Build configuration list for PBXNativeTarget "Feedy" */;
			buildPhases = (
				8D7B8CF22BF564AA008F310B /* Sources */,
				8D7B8CF32BF564AA008F310B /* Frameworks */,
				8D7B8CF42BF564AA008F310B /* Resources */,
			);
			buildRules = (
			);
			dependencies = (
			);
			name = Feedy;
			packageProductDependencies = (
				8DB4508B2BF62FC8001FCC1A /* FeedKit */,
				8D8F92312BF7766A00880025 /* SVGView */,
			);
			productName = Feedy;
			productReference = 8D7B8CF62BF564AA008F310B /* Feedy.app */;
			productType = "com.apple.product-type.application";
		};
/* End PBXNativeTarget section */

/* Begin PBXProject section */
		8D7B8CEE2BF564AA008F310B /* Project object */ = {
			isa = PBXProject;
			attributes = {
				BuildIndependentTargetsInParallel = 1;
				LastSwiftUpdateCheck = 1520;
				LastUpgradeCheck = 1520;
				TargetAttributes = {
					8D7B8CF52BF564AA008F310B = {
						CreatedOnToolsVersion = 15.2;
					};
				};
			};
			buildConfigurationList = 8D7B8CF12BF564AA008F310B /* Build configuration list for PBXProject "Feedy" */;
			compatibilityVersion = "Xcode 14.0";
			developmentRegion = en;
			hasScannedForEncodings = 0;
			knownRegions = (
				en,
				Base,
			);
			mainGroup = 8D7B8CED2BF564AA008F310B;
			packageReferences = (
				8DB4508A2BF62FC8001FCC1A /* XCRemoteSwiftPackageReference "FeedKit" */,
				8D8F92302BF7766A00880025 /* XCRemoteSwiftPackageReference "SVGView" */,
			);
			productRefGroup = 8D7B8CF72BF564AA008F310B /* Products */;
			projectDirPath = "";
			projectRoot = "";
			targets = (
				8D7B8CF52BF564AA008F310B /* Feedy */,
			);
		};
/* End PBXProject section */

/* Begin PBXResourcesBuildPhase section */
		8D7B8CF42BF564AA008F310B /* Resources */ = {
			isa = PBXResourcesBuildPhase;
			buildActionMask = 2147483647;
			files = (
				8D7B8D032BF564AE008F310B /* Preview Assets.xcassets in Resources */,
				8D7B8D002BF564AE008F310B /* Assets.xcassets in Resources */,
				8D8F923B2BF7846F00880025 /* rss-logo.svg in Resources */,
			);
			runOnlyForDeploymentPostprocessing = 0;
		};
/* End PBXResourcesBuildPhase section */

/* Begin PBXSourcesBuildPhase section */
		8D7B8CF22BF564AA008F310B /* Sources */ = {
			isa = PBXSourcesBuildPhase;
			buildActionMask = 2147483647;
			files = (
				8DF900B52BF90B4B00561B31 /* FeedItemCell.swift in Sources */,
				8D7B8CFC2BF564AA008F310B /* FeedsList.swift in Sources */,
				8D1EE1032BFAAA17003DDC37 /* Parser.swift in Sources */,
				8DF900AD2BF8EEE500561B31 /* FeedItemDetails.swift in Sources */,
				8D92A5962BFA9C530011E819 /* FKFeed.swift in Sources */,
				8DA138662BF60F0500AD7754 /* RemoteFeedService.swift in Sources */,
				8D8F923E2BF7878B00880025 /* FeedItemsList.swift in Sources */,
				8D7B8D0A2BF5667E008F310B /* Feed.swift in Sources */,
				8DF900B32BF901DA00561B31 /* BaseCell.swift in Sources */,
				8D7B8D0C2BF56DA2008F310B /* AddFeed.swift in Sources */,
				8D8F92392BF77E9900880025 /* FeedCell.swift in Sources */,
				8DA1384F2BF5EAB400AD7754 /* DataModel.swift in Sources */,
				8D7B8CFA2BF564AA008F310B /* FeedyApp.swift in Sources */,
				8D039E102BF7AD80005C894A /* FeedItem.swift in Sources */,
				8DF900AB2BF8EEA800561B31 /* WebView.swift in Sources */,
			);
			runOnlyForDeploymentPostprocessing = 0;
		};
/* End PBXSourcesBuildPhase section */

/* Begin XCBuildConfiguration section */
		8D7B8D042BF564AE008F310B /* Debug */ = {
			isa = XCBuildConfiguration;
			buildSettings = {
				ALWAYS_SEARCH_USER_PATHS = NO;
				ASSETCATALOG_COMPILER_GENERATE_SWIFT_ASSET_SYMBOL_EXTENSIONS = YES;
				CLANG_ANALYZER_NONNULL = YES;
				CLANG_ANALYZER_NUMBER_OBJECT_CONVERSION = YES_AGGRESSIVE;
				CLANG_CXX_LANGUAGE_STANDARD = "gnu++20";
				CLANG_ENABLE_MODULES = YES;
				CLANG_ENABLE_OBJC_ARC = YES;
				CLANG_ENABLE_OBJC_WEAK = YES;
				CLANG_WARN_BLOCK_CAPTURE_AUTORELEASING = YES;
				CLANG_WARN_BOOL_CONVERSION = YES;
				CLANG_WARN_COMMA = YES;
				CLANG_WARN_CONSTANT_CONVERSION = YES;
				CLANG_WARN_DEPRECATED_OBJC_IMPLEMENTATIONS = YES;
				CLANG_WARN_DIRECT_OBJC_ISA_USAGE = YES_ERROR;
				CLANG_WARN_DOCUMENTATION_COMMENTS = YES;
				CLANG_WARN_EMPTY_BODY = YES;
				CLANG_WARN_ENUM_CONVERSION = YES;
				CLANG_WARN_INFINITE_RECURSION = YES;
				CLANG_WARN_INT_CONVERSION = YES;
				CLANG_WARN_NON_LITERAL_NULL_CONVERSION = YES;
				CLANG_WARN_OBJC_IMPLICIT_RETAIN_SELF = YES;
				CLANG_WARN_OBJC_LITERAL_CONVERSION = YES;
				CLANG_WARN_OBJC_ROOT_CLASS = YES_ERROR;
				CLANG_WARN_QUOTED_INCLUDE_IN_FRAMEWORK_HEADER = YES;
				CLANG_WARN_RANGE_LOOP_ANALYSIS = YES;
				CLANG_WARN_STRICT_PROTOTYPES = YES;
				CLANG_WARN_SUSPICIOUS_MOVE = YES;
				CLANG_WARN_UNGUARDED_AVAILABILITY = YES_AGGRESSIVE;
				CLANG_WARN_UNREACHABLE_CODE = YES;
				CLANG_WARN__DUPLICATE_METHOD_MATCH = YES;
				COPY_PHASE_STRIP = NO;
				DEBUG_INFORMATION_FORMAT = dwarf;
				ENABLE_STRICT_OBJC_MSGSEND = YES;
				ENABLE_TESTABILITY = YES;
				ENABLE_USER_SCRIPT_SANDBOXING = YES;
				GCC_C_LANGUAGE_STANDARD = gnu17;
				GCC_DYNAMIC_NO_PIC = NO;
				GCC_NO_COMMON_BLOCKS = YES;
				GCC_OPTIMIZATION_LEVEL = 0;
				GCC_PREPROCESSOR_DEFINITIONS = (
					"DEBUG=1",
					"$(inherited)",
				);
				GCC_WARN_64_TO_32_BIT_CONVERSION = YES;
				GCC_WARN_ABOUT_RETURN_TYPE = YES_ERROR;
				GCC_WARN_UNDECLARED_SELECTOR = YES;
				GCC_WARN_UNINITIALIZED_AUTOS = YES_AGGRESSIVE;
				GCC_WARN_UNUSED_FUNCTION = YES;
				GCC_WARN_UNUSED_VARIABLE = YES;
				IPHONEOS_DEPLOYMENT_TARGET = 17.2;
				LOCALIZATION_PREFERS_STRING_CATALOGS = YES;
				MTL_ENABLE_DEBUG_INFO = INCLUDE_SOURCE;
				MTL_FAST_MATH = YES;
				ONLY_ACTIVE_ARCH = YES;
				SDKROOT = iphoneos;
				SWIFT_ACTIVE_COMPILATION_CONDITIONS = "DEBUG $(inherited)";
				SWIFT_OPTIMIZATION_LEVEL = "-Onone";
			};
			name = Debug;
		};
		8D7B8D052BF564AE008F310B /* Release */ = {
			isa = XCBuildConfiguration;
			buildSettings = {
				ALWAYS_SEARCH_USER_PATHS = NO;
				ASSETCATALOG_COMPILER_GENERATE_SWIFT_ASSET_SYMBOL_EXTENSIONS = YES;
				CLANG_ANALYZER_NONNULL = YES;
				CLANG_ANALYZER_NUMBER_OBJECT_CONVERSION = YES_AGGRESSIVE;
				CLANG_CXX_LANGUAGE_STANDARD = "gnu++20";
				CLANG_ENABLE_MODULES = YES;
				CLANG_ENABLE_OBJC_ARC = YES;
				CLANG_ENABLE_OBJC_WEAK = YES;
				CLANG_WARN_BLOCK_CAPTURE_AUTORELEASING = YES;
				CLANG_WARN_BOOL_CONVERSION = YES;
				CLANG_WARN_COMMA = YES;
				CLANG_WARN_CONSTANT_CONVERSION = YES;
				CLANG_WARN_DEPRECATED_OBJC_IMPLEMENTATIONS = YES;
				CLANG_WARN_DIRECT_OBJC_ISA_USAGE = YES_ERROR;
				CLANG_WARN_DOCUMENTATION_COMMENTS = YES;
				CLANG_WARN_EMPTY_BODY = YES;
				CLANG_WARN_ENUM_CONVERSION = YES;
				CLANG_WARN_INFINITE_RECURSION = YES;
				CLANG_WARN_INT_CONVERSION = YES;
				CLANG_WARN_NON_LITERAL_NULL_CONVERSION = YES;
				CLANG_WARN_OBJC_IMPLICIT_RETAIN_SELF = YES;
				CLANG_WARN_OBJC_LITERAL_CONVERSION = YES;
				CLANG_WARN_OBJC_ROOT_CLASS = YES_ERROR;
				CLANG_WARN_QUOTED_INCLUDE_IN_FRAMEWORK_HEADER = YES;
				CLANG_WARN_RANGE_LOOP_ANALYSIS = YES;
				CLANG_WARN_STRICT_PROTOTYPES = YES;
				CLANG_WARN_SUSPICIOUS_MOVE = YES;
				CLANG_WARN_UNGUARDED_AVAILABILITY = YES_AGGRESSIVE;
				CLANG_WARN_UNREACHABLE_CODE = YES;
				CLANG_WARN__DUPLICATE_METHOD_MATCH = YES;
				COPY_PHASE_STRIP = NO;
				DEBUG_INFORMATION_FORMAT = "dwarf-with-dsym";
				ENABLE_NS_ASSERTIONS = NO;
				ENABLE_STRICT_OBJC_MSGSEND = YES;
				ENABLE_USER_SCRIPT_SANDBOXING = YES;
				GCC_C_LANGUAGE_STANDARD = gnu17;
				GCC_NO_COMMON_BLOCKS = YES;
				GCC_WARN_64_TO_32_BIT_CONVERSION = YES;
				GCC_WARN_ABOUT_RETURN_TYPE = YES_ERROR;
				GCC_WARN_UNDECLARED_SELECTOR = YES;
				GCC_WARN_UNINITIALIZED_AUTOS = YES_AGGRESSIVE;
				GCC_WARN_UNUSED_FUNCTION = YES;
				GCC_WARN_UNUSED_VARIABLE = YES;
				IPHONEOS_DEPLOYMENT_TARGET = 17.2;
				LOCALIZATION_PREFERS_STRING_CATALOGS = YES;
				MTL_ENABLE_DEBUG_INFO = NO;
				MTL_FAST_MATH = YES;
				SDKROOT = iphoneos;
				SWIFT_COMPILATION_MODE = wholemodule;
				VALIDATE_PRODUCT = YES;
			};
			name = Release;
		};
		8D7B8D072BF564AE008F310B /* Debug */ = {
			isa = XCBuildConfiguration;
			buildSettings = {
				ASSETCATALOG_COMPILER_APPICON_NAME = AppIcon;
				ASSETCATALOG_COMPILER_GLOBAL_ACCENT_COLOR_NAME = AccentColor;
				CODE_SIGN_STYLE = Automatic;
				CURRENT_PROJECT_VERSION = 1;
				DEVELOPMENT_ASSET_PATHS = "\"Feedy/Preview Content\"";
				DEVELOPMENT_TEAM = 4NWPMFBC59;
				ENABLE_PREVIEWS = YES;
				GENERATE_INFOPLIST_FILE = YES;
				INFOPLIST_KEY_UIApplicationSceneManifest_Generation = YES;
				INFOPLIST_KEY_UIApplicationSupportsIndirectInputEvents = YES;
				INFOPLIST_KEY_UILaunchScreen_Generation = YES;
				INFOPLIST_KEY_UISupportedInterfaceOrientations_iPad = "UIInterfaceOrientationPortrait UIInterfaceOrientationPortraitUpsideDown UIInterfaceOrientationLandscapeLeft UIInterfaceOrientationLandscapeRight";
				INFOPLIST_KEY_UISupportedInterfaceOrientations_iPhone = "UIInterfaceOrientationPortrait UIInterfaceOrientationLandscapeLeft UIInterfaceOrientationLandscapeRight";
				LD_RUNPATH_SEARCH_PATHS = (
					"$(inherited)",
					"@executable_path/Frameworks",
				);
				MARKETING_VERSION = 1.0;
				PRODUCT_BUNDLE_IDENTIFIER = com.taarna.feedy.Feedy;
				PRODUCT_NAME = "$(TARGET_NAME)";
				SWIFT_EMIT_LOC_STRINGS = YES;
				SWIFT_VERSION = 5.0;
				TARGETED_DEVICE_FAMILY = "1,2";
			};
			name = Debug;
		};
		8D7B8D082BF564AE008F310B /* Release */ = {
			isa = XCBuildConfiguration;
			buildSettings = {
				ASSETCATALOG_COMPILER_APPICON_NAME = AppIcon;
				ASSETCATALOG_COMPILER_GLOBAL_ACCENT_COLOR_NAME = AccentColor;
				CODE_SIGN_STYLE = Automatic;
				CURRENT_PROJECT_VERSION = 1;
				DEVELOPMENT_ASSET_PATHS = "\"Feedy/Preview Content\"";
				DEVELOPMENT_TEAM = 4NWPMFBC59;
				ENABLE_PREVIEWS = YES;
				GENERATE_INFOPLIST_FILE = YES;
				INFOPLIST_KEY_UIApplicationSceneManifest_Generation = YES;
				INFOPLIST_KEY_UIApplicationSupportsIndirectInputEvents = YES;
				INFOPLIST_KEY_UILaunchScreen_Generation = YES;
				INFOPLIST_KEY_UISupportedInterfaceOrientations_iPad = "UIInterfaceOrientationPortrait UIInterfaceOrientationPortraitUpsideDown UIInterfaceOrientationLandscapeLeft UIInterfaceOrientationLandscapeRight";
				INFOPLIST_KEY_UISupportedInterfaceOrientations_iPhone = "UIInterfaceOrientationPortrait UIInterfaceOrientationLandscapeLeft UIInterfaceOrientationLandscapeRight";
				LD_RUNPATH_SEARCH_PATHS = (
					"$(inherited)",
					"@executable_path/Frameworks",
				);
				MARKETING_VERSION = 1.0;
				PRODUCT_BUNDLE_IDENTIFIER = com.taarna.feedy.Feedy;
				PRODUCT_NAME = "$(TARGET_NAME)";
				SWIFT_EMIT_LOC_STRINGS = YES;
				SWIFT_VERSION = 5.0;
				TARGETED_DEVICE_FAMILY = "1,2";
			};
			name = Release;
		};
/* End XCBuildConfiguration section */

/* Begin XCConfigurationList section */
		8D7B8CF12BF564AA008F310B /* Build configuration list for PBXProject "Feedy" */ = {
			isa = XCConfigurationList;
			buildConfigurations = (
				8D7B8D042BF564AE008F310B /* Debug */,
				8D7B8D052BF564AE008F310B /* Release */,
			);
			defaultConfigurationIsVisible = 0;
			defaultConfigurationName = Release;
		};
		8D7B8D062BF564AE008F310B /* Build configuration list for PBXNativeTarget "Feedy" */ = {
			isa = XCConfigurationList;
			buildConfigurations = (
				8D7B8D072BF564AE008F310B /* Debug */,
				8D7B8D082BF564AE008F310B /* Release */,
			);
			defaultConfigurationIsVisible = 0;
			defaultConfigurationName = Release;
		};
/* End XCConfigurationList section */

/* Begin XCRemoteSwiftPackageReference section */
		8D8F92302BF7766A00880025 /* XCRemoteSwiftPackageReference "SVGView" */ = {
			isa = XCRemoteSwiftPackageReference;
			repositoryURL = "https://github.com/exyte/SVGView.git";
			requirement = {
				kind = upToNextMajorVersion;
				minimumVersion = 1.0.6;
			};
		};
		8DB4508A2BF62FC8001FCC1A /* XCRemoteSwiftPackageReference "FeedKit" */ = {
			isa = XCRemoteSwiftPackageReference;
			repositoryURL = "https://github.com/nmdias/FeedKit.git";
			requirement = {
				kind = upToNextMajorVersion;
				minimumVersion = 9.1.2;
			};
		};
/* End XCRemoteSwiftPackageReference section */

/* Begin XCSwiftPackageProductDependency section */
		8D8F92312BF7766A00880025 /* SVGView */ = {
			isa = XCSwiftPackageProductDependency;
			package = 8D8F92302BF7766A00880025 /* XCRemoteSwiftPackageReference "SVGView" */;
			productName = SVGView;
		};
		8DB4508B2BF62FC8001FCC1A /* FeedKit */ = {
			isa = XCSwiftPackageProductDependency;
			package = 8DB4508A2BF62FC8001FCC1A /* XCRemoteSwiftPackageReference "FeedKit" */;
			productName = FeedKit;
		};
/* End XCSwiftPackageProductDependency section */
	};
	rootObject = 8D7B8CEE2BF564AA008F310B /* Project object */;
}
